
Microsoft Visual Studio Solution File, Format Version 12.00
# Visual Studio Version 16
VisualStudioVersion = 16.0.33801.447
MinimumVisualStudioVersion = 10.0.40219.1
Project("{FAE04EC0-301F-11D3-BF4B-00C04F79EFBC}") = "API_CentroCultural", "API_CentroCultural\API_CentroCultural.csproj", "{2A845069-1378-453F-BC2C-6189E1BF7500}"
EndProject
Global
	GlobalSection(SolutionConfigurationPlatforms) = preSolution
		Debug|Any CPU = Debug|Any CPU
		Release|Any CPU = Release|Any CPU
	EndGlobalSection
	GlobalSection(ProjectConfigurationPlatforms) = postSolution
		{2A845069-1378-453F-BC2C-6189E1BF7500}.Debug|Any CPU.ActiveCfg = Debug|Any CPU
		{2A845069-1378-453F-BC2C-6189E1BF7500}.Debug|Any CPU.Build.0 = Debug|Any CPU
		{2A845069-1378-453F-BC2C-6189E1BF7500}.Release|Any CPU.ActiveCfg = Release|Any CPU
		{2A845069-1378-453F-BC2C-6189E1BF7500}.Release|Any CPU.Build.0 = Release|Any CPU
	EndGlobalSection
	GlobalSection(SolutionProperties) = preSolution
		HideSolutionNode = FALSE
	EndGlobalSection
	GlobalSection(ExtensibilityGlobals) = postSolution
		SolutionGuid = {6E26A4EF-E2F6-4360-86F2-2D414A184934}
	EndGlobalSection
EndGlobal
